
Microsoft Visual Studio Solution File, Format Version 12.00
# Visual Studio Version 16
VisualStudioVersion = 16.0.31729.503
MinimumVisualStudioVersion = 10.0.40219.1
Project("{FAE04EC0-301F-11D3-BF4B-00C04F79EFBC}") = "Windows Activator", "Windows Activator.csproj", "{34A887AA-D19C-4FA0-AF22-39154AC63BBD}"
EndProject
Global
	GlobalSection(SolutionConfigurationPlatforms) = preSolution
		Debug|Any CPU = Debug|Any CPU
		Release|Any CPU = Release|Any CPU
	EndGlobalSection
	GlobalSection(ProjectConfigurationPlatforms) = postSolution
		{34A887AA-D19C-4FA0-AF22-39154AC63BBD}.Debug|Any CPU.ActiveCfg = Debug|Any CPU
		{34A887AA-D19C-4FA0-AF22-39154AC63BBD}.Debug|Any CPU.Build.0 = Debug|Any CPU
		{34A887AA-D19C-4FA0-AF22-39154AC63BBD}.Release|Any CPU.ActiveCfg = Release|Any CPU
		{34A887AA-D19C-4FA0-AF22-39154AC63BBD}.Release|Any CPU.Build.0 = Release|Any CPU
	EndGlobalSection
	GlobalSection(SolutionProperties) = preSolution
		HideSolutionNode = FALSE
	EndGlobalSection
	GlobalSection(ExtensibilityGlobals) = postSolution
		SolutionGuid = {DC48D85A-6C3A-4AE0-886D-59B33F8D8708}
	EndGlobalSection
EndGlobal
